%{
  "file_system": {:hex, :file_system, "0.2.10", "fb082005a9cd1711c05b5248710f8826b02d7d1784e7c3451f9c1231d4fc162d", [:mix], [], "hexpm", "41195edbfb562a593726eda3b3e8b103a309b733ad25f3d642ba49696bf715dc"},
  "json": {:hex, :json, "1.4.1", "8648f04a9439765ad449bc56a3ff7d8b11dd44ff08ffcdefc4329f7c93843dfa", [:mix], [], "hexpm", "9abf218dbe4ea4fcb875e087d5f904ef263d012ee5ed21d46e9dbca63f053d16"},
  "mix_test_watch": {:hex, :mix_test_watch, "1.0.2", "34900184cbbbc6b6ed616ed3a8ea9b791f9fd2088419352a6d3200525637f785", [:mix], [{:file_system, "~> 0.2.1 or ~> 0.3", [hex: :file_system, repo: "hexpm", optional: false]}], "hexpm", "47ac558d8b06f684773972c6d04fcc15590abdb97aeb7666da19fcbfdc441a07"},
  "sweet_xml": {:hex, :sweet_xml, "0.6.6", "fc3e91ec5dd7c787b6195757fbcf0abc670cee1e4172687b45183032221b66b8", [:mix], [], "hexpm", "2e1ec458f892ffa81f9f8386e3f35a1af6db7a7a37748a64478f13163a1f3573"},
}
